// !$*UTF8*$!
{
	archiveVersion = 1;
	classes = {
	};
	objectVersion = 56;
	objects = {

/* Begin PBXBuildFile section */
		AC779CF52FC8701A002DCEB4 /* AppDelegate.swift in Sources */ = {isa = PBXBuildFile; fileRef = AC779CF42FC8701A002DCEB4 /* AppDelegate.swift */; };
		AC779CF72FC8701A002DCEB4 /* SceneDelegate.swift in Sources */ = {isa = PBXBuildFile; fileRef = AC779CF62FC8701A002DCEB4 /* SceneDelegate.swift */; };
		AC779CF92FC8701A002DCEB4 /* ViewController.swift in Sources */ = {isa = PBXBuildFile; fileRef = AC779CF82FC8701A002DCEB4 /* ViewController.swift */; };
		AC779CFC2FC8701A002DCEB4 /* Main.storyboard in Resources */ = {isa = PBXBuildFile; fileRef = AC779CFA2FC8701A002DCEB4 /* Main.storyboard */; };
		AC779CFE2FC8701D002DCEB4 /* Assets.xcassets in Resources */ = {isa = PBXBuildFile; fileRef = AC779CFD2FC8701D002DCEB4 /* Assets.xcassets */; };
		AC779D012FC8701D002DCEB4 /* LaunchScreen.storyboard in Resources */ = {isa = PBXBuildFile; fileRef = AC779CFF2FC8701D002DCEB4 /* LaunchScreen.storyboard */; };
		AC779D0D2FC87884002DCEB4 /* Safra.swift in Sources */ = {isa = PBXBuildFile; fileRef = AC779D0C2FC87884002DCEB4 /* Safra.swift */; };
		AC779D0F2FC878B5002DCEB4 /* GerenciadorAlertas.swift in Sources */ = {isa = PBXBuildFile; fileRef = AC779D0E2FC878B5002DCEB4 /* GerenciadorAlertas.swift */; };
		AC779D112FC878F7002DCEB4 /* CadastroViewController.swift in Sources */ = {isa = PBXBuildFile; fileRef = AC779D102FC878F7002DCEB4 /* CadastroViewController.swift */; };
		AC779D132FC8796D002DCEB4 /* ListaSafrasTableTableViewController.swift in Sources */ = {isa = PBXBuildFile; fileRef = AC779D122FC8796D002DCEB4 /* ListaSafrasTableTableViewController.swift */; };
		AC779D172FC88474002DCEB4 /* SobreViewController.swift in Sources */ = {isa = PBXBuildFile; fileRef = AC779D162FC88474002DCEB4 /* SobreViewController.swift */; };
/* End PBXBuildFile section */

/* Begin PBXFileReference section */
		AC779CF12FC8701A002DCEB4 /* GS_AGE_MatheusFelipeJulianna.app */ = {isa = PBXFileReference; explicitFileType = wrapper.application; includeInIndex = 0; path = GS_AGE_MatheusFelipeJulianna.app; sourceTree = BUILT_PRODUCTS_DIR; };
		AC779CF42FC8701A002DCEB4 /* AppDelegate.swift */ = {isa = PBXFileReference; lastKnownFileType = sourcecode.swift; path = AppDelegate.swift; sourceTree = "<group>"; };
		AC779CF62FC8701A002DCEB4 /* SceneDelegate.swift */ = {isa = PBXFileReference; lastKnownFileType = sourcecode.swift; path = SceneDelegate.swift; sourceTree = "<group>"; };
		AC779CF82FC8701A002DCEB4 /* ViewController.swift */ = {isa = PBXFileReference; lastKnownFileType = sourcecode.swift; path = ViewController.swift; sourceTree = "<group>"; };
		AC779CFB2FC8701A002DCEB4 /* Base */ = {isa = PBXFileReference; lastKnownFileType = file.storyboard; name = Base; path = Base.lproj/Main.storyboard; sourceTree = "<group>"; };
		AC779CFD2FC8701D002DCEB4 /* Assets.xcassets */ = {isa = PBXFileReference; lastKnownFileType = folder.assetcatalog; path = Assets.xcassets; sourceTree = "<group>"; };
		AC779D002FC8701D002DCEB4 /* Base */ = {isa = PBXFileReference; lastKnownFileType = file.storyboard; name = Base; path = Base.lproj/LaunchScreen.storyboard; sourceTree = "<group>"; };
		AC779D022FC8701D002DCEB4 /* Info.plist */ = {isa = PBXFileReference; lastKnownFileType = text.plist.xml; path = Info.plist; sourceTree = "<group>"; };
		AC779D0C2FC87884002DCEB4 /* Safra.swift */ = {isa = PBXFileReference; lastKnownFileType = sourcecode.swift; path = Safra.swift; sourceTree = "<group>"; };
		AC779D0E2FC878B5002DCEB4 /* GerenciadorAlertas.swift */ = {isa = PBXFileReference; lastKnownFileType = sourcecode.swift; path = GerenciadorAlertas.swift; sourceTree = "<group>"; };
		AC779D102FC878F7002DCEB4 /* CadastroViewController.swift */ = {isa = PBXFileReference; lastKnownFileType = sourcecode.swift; path = CadastroViewController.swift; sourceTree = "<group>"; };
		AC779D122FC8796D002DCEB4 /* ListaSafrasTableTableViewController.swift */ = {isa = PBXFileReference; lastKnownFileType = sourcecode.swift; path = ListaSafrasTableTableViewController.swift; sourceTree = "<group>"; };
		AC779D162FC88474002DCEB4 /* SobreViewController.swift */ = {isa = PBXFileReference; lastKnownFileType = sourcecode.swift; path = SobreViewController.swift; sourceTree = "<group>"; };
/* End PBXFileReference section */

/* Begin PBXFrameworksBuildPhase section */
		AC779CEE2FC8701A002DCEB4 /* Frameworks */ = {
			isa = PBXFrameworksBuildPhase;
			buildActionMask = 2147483647;
			files = (
			);
			runOnlyForDeploymentPostprocessing = 0;
		};
/* End PBXFrameworksBuildPhase section */

/* Begin PBXGroup section */
		AC779CE82FC8701A002DCEB4 = {
			isa = PBXGroup;
			children = (
				AC779CF32FC8701A002DCEB4 /* GS_AGE_MatheusFelipeJulianna */,
				AC779CF22FC8701A002DCEB4 /* Products */,
			);
			sourceTree = "<group>";
		};
		AC779CF22FC8701A002DCEB4 /* Products */ = {
			isa = PBXGroup;
			children = (
				AC779CF12FC8701A002DCEB4 /* GS_AGE_MatheusFelipeJulianna.app */,
			);
			name = Products;
			sourceTree = "<group>";
		};
		AC779CF32FC8701A002DCEB4 /* GS_AGE_MatheusFelipeJulianna */ = {
			isa = PBXGroup;
			children = (
				AC779CF42FC8701A002DCEB4 /* AppDelegate.swift */,
				AC779CF62FC8701A002DCEB4 /* SceneDelegate.swift */,
				AC779CF82FC8701A002DCEB4 /* ViewController.swift */,
				AC779CFA2FC8701A002DCEB4 /* Main.storyboard */,
				AC779CFD2FC8701D002DCEB4 /* Assets.xcassets */,
				AC779CFF2FC8701D002DCEB4 /* LaunchScreen.storyboard */,
				AC779D022FC8701D002DCEB4 /* Info.plist */,
				AC779D0C2FC87884002DCEB4 /* Safra.swift */,
				AC779D0E2FC878B5002DCEB4 /* GerenciadorAlertas.swift */,
				AC779D122FC8796D002DCEB4 /* ListaSafrasTableTableViewController.swift */,
				AC779D102FC878F7002DCEB4 /* CadastroViewController.swift */,
				AC779D162FC88474002DCEB4 /* SobreViewController.swift */,
			);
			path = GS_AGE_MatheusFelipeJulianna;
			sourceTree = "<group>";
		};
/* End PBXGroup section */

/* Begin PBXNativeTarget section */
		AC779CF02FC8701A002DCEB4 /* GS_AGE_MatheusFelipeJulianna */ = {
			isa = PBXNativeTarget;
			buildConfigurationList = AC779D052FC8701D002DCEB4 /* Build configuration list for PBXNativeTarget "GS_AGE_MatheusFelipeJulianna" */;
			buildPhases = (
				AC779CED2FC8701A002DCEB4 /* Sources */,
				AC779CEE2FC8701A002DCEB4 /* Frameworks */,
				AC779CEF2FC8701A002DCEB4 /* Resources */,
			);
			buildRules = (
			);
			dependencies = (
			);
			name = GS_AGE_MatheusFelipeJulianna;
			productName = GS_AGE_MatheusFelipeJulianna;
			productReference = AC779CF12FC8701A002DCEB4 /* GS_AGE_MatheusFelipeJulianna.app */;
			productType = "com.apple.product-type.application";
		};
/* End PBXNativeTarget section */

/* Begin PBXProject section */
		AC779CE92FC8701A002DCEB4 /* Project object */ = {
			isa = PBXProject;
			attributes = {
				BuildIndependentTargetsInParallel = 1;
				LastSwiftUpdateCheck = 1430;
				LastUpgradeCheck = 1430;
				TargetAttributes = {
					AC779CF02FC8701A002DCEB4 = {
						CreatedOnToolsVersion = 14.3.1;
					};
				};
			};
			buildConfigurationList = AC779CEC2FC8701A002DCEB4 /* Build configuration list for PBXProject "GS_AGE_MatheusFelipeJulianna" */;
			compatibilityVersion = "Xcode 14.0";
			developmentRegion = en;
			hasScannedForEncodings = 0;
			knownRegions = (
				en,
				Base,
			);
			mainGroup = AC779CE82FC8701A002DCEB4;
			productRefGroup = AC779CF22FC8701A002DCEB4 /* Products */;
			projectDirPath = "";
			projectRoot = "";
			targets = (
				AC779CF02FC8701A002DCEB4 /* GS_AGE_MatheusFelipeJulianna */,
			);
		};
/* End PBXProject section */

/* Begin PBXResourcesBuildPhase section */
		AC779CEF2FC8701A002DCEB4 /* Resources */ = {
			isa = PBXResourcesBuildPhase;
			buildActionMask = 2147483647;
			files = (
				AC779D012FC8701D002DCEB4 /* LaunchScreen.storyboard in Resources */,
				AC779CFE2FC8701D002DCEB4 /* Assets.xcassets in Resources */,
				AC779CFC2FC8701A002DCEB4 /* Main.storyboard in Resources */,
			);
			runOnlyForDeploymentPostprocessing = 0;
		};
/* End PBXResourcesBuildPhase section */

/* Begin PBXSourcesBuildPhase section */
		AC779CED2FC8701A002DCEB4 /* Sources */ = {
			isa = PBXSourcesBuildPhase;
			buildActionMask = 2147483647;
			files = (
				AC779CF92FC8701A002DCEB4 /* ViewController.swift in Sources */,
				AC779D112FC878F7002DCEB4 /* CadastroViewController.swift in Sources */,
				AC779D132FC8796D002DCEB4 /* ListaSafrasTableTableViewController.swift in Sources */,
				AC779CF52FC8701A002DCEB4 /* AppDelegate.swift in Sources */,
				AC779D0F2FC878B5002DCEB4 /* GerenciadorAlertas.swift in Sources */,
				AC779CF72FC8701A002DCEB4 /* SceneDelegate.swift in Sources */,
				AC779D172FC88474002DCEB4 /* SobreViewController.swift in Sources */,
				AC779D0D2FC87884002DCEB4 /* Safra.swift in Sources */,
			);
			runOnlyForDeploymentPostprocessing = 0;
		};
/* End PBXSourcesBuildPhase section */

/* Begin PBXVariantGroup section */
		AC779CFA2FC8701A002DCEB4 /* Main.storyboard */ = {
			isa = PBXVariantGroup;
			children = (
				AC779CFB2FC8701A002DCEB4 /* Base */,
			);
			name = Main.storyboard;
			sourceTree = "<group>";
		};
		AC779CFF2FC8701D002DCEB4 /* LaunchScreen.storyboard */ = {
			isa = PBXVariantGroup;
			children = (
				AC779D002FC8701D002DCEB4 /* Base */,
			);
			name = LaunchScreen.storyboard;
			sourceTree = "<group>";
		};
/* End PBXVariantGroup section */

/* Begin XCBuildConfiguration section */
		AC779D032FC8701D002DCEB4 /* Debug */ = {
			isa = XCBuildConfiguration;
			buildSettings = {
				ALWAYS_SEARCH_USER_PATHS = NO;
				CLANG_ANALYZER_NONNULL = YES;
				CLANG_ANALYZER_NUMBER_OBJECT_CONVERSION = YES_AGGRESSIVE;
				CLANG_CXX_LANGUAGE_STANDARD = "gnu++20";
				CLANG_ENABLE_MODULES = YES;
				CLANG_ENABLE_OBJC_ARC = YES;
				CLANG_ENABLE_OBJC_WEAK = YES;
				CLANG_WARN_BLOCK_CAPTURE_AUTORELEASING = YES;
				CLANG_WARN_BOOL_CONVERSION = YES;
				CLANG_WARN_COMMA = YES;
				CLANG_WARN_CONSTANT_CONVERSION = YES;
				CLANG_WARN_DEPRECATED_OBJC_IMPLEMENTATIONS = YES;
				CLANG_WARN_DIRECT_OBJC_ISA_USAGE = YES_ERROR;
				CLANG_WARN_DOCUMENTATION_COMMENTS = YES;
				CLANG_WARN_EMPTY_BODY = YES;
				CLANG_WARN_ENUM_CONVERSION = YES;
				CLANG_WARN_INFINITE_RECURSION = YES;
				CLANG_WARN_INT_CONVERSION = YES;
				CLANG_WARN_NON_LITERAL_NULL_CONVERSION = YES;
				CLANG_WARN_OBJC_IMPLICIT_RETAIN_SELF = YES;
				CLANG_WARN_OBJC_LITERAL_CONVERSION = YES;
				CLANG_WARN_OBJC_ROOT_CLASS = YES_ERROR;
				CLANG_WARN_QUOTED_INCLUDE_IN_FRAMEWORK_HEADER = YES;
				CLANG_WARN_RANGE_LOOP_ANALYSIS = YES;
				CLANG_WARN_STRICT_PROTOTYPES = YES;
				CLANG_WARN_SUSPICIOUS_MOVE = YES;
				CLANG_WARN_UNGUARDED_AVAILABILITY = YES_AGGRESSIVE;
				CLANG_WARN_UNREACHABLE_CODE = YES;
				CLANG_WARN__DUPLICATE_METHOD_MATCH = YES;
				COPY_PHASE_STRIP = NO;
				DEBUG_INFORMATION_FORMAT = dwarf;
				ENABLE_STRICT_OBJC_MSGSEND = YES;
				ENABLE_TESTABILITY = YES;
				GCC_C_LANGUAGE_STANDARD = gnu11;
				GCC_DYNAMIC_NO_PIC = NO;
				GCC_NO_COMMON_BLOCKS = YES;
				GCC_OPTIMIZATION_LEVEL = 0;
				GCC_PREPROCESSOR_DEFINITIONS = (
					"DEBUG=1",
					"$(inherited)",
				);
				GCC_WARN_64_TO_32_BIT_CONVERSION = YES;
				GCC_WARN_ABOUT_RETURN_TYPE = YES_ERROR;
				GCC_WARN_UNDECLARED_SELECTOR = YES;
				GCC_WARN_UNINITIALIZED_AUTOS = YES_AGGRESSIVE;
				GCC_WARN_UNUSED_FUNCTION = YES;
				GCC_WARN_UNUSED_VARIABLE = YES;
				IPHONEOS_DEPLOYMENT_TARGET = 16.4;
				MTL_ENABLE_DEBUG_INFO = INCLUDE_SOURCE;
				MTL_FAST_MATH = YES;
				ONLY_ACTIVE_ARCH = YES;
				SDKROOT = iphoneos;
				SWIFT_ACTIVE_COMPILATION_CONDITIONS = DEBUG;
				SWIFT_OPTIMIZATION_LEVEL = "-Onone";
			};
			name = Debug;
		};
		AC779D042FC8701D002DCEB4 /* Release */ = {
			isa = XCBuildConfiguration;
			buildSettings = {
				ALWAYS_SEARCH_USER_PATHS = NO;
				CLANG_ANALYZER_NONNULL = YES;
				CLANG_ANALYZER_NUMBER_OBJECT_CONVERSION = YES_AGGRESSIVE;
				CLANG_CXX_LANGUAGE_STANDARD = "gnu++20";
				CLANG_ENABLE_MODULES = YES;
				CLANG_ENABLE_OBJC_ARC = YES;
				CLANG_ENABLE_OBJC_WEAK = YES;
				CLANG_WARN_BLOCK_CAPTURE_AUTORELEASING = YES;
				CLANG_WARN_BOOL_CONVERSION = YES;
				CLANG_WARN_COMMA = YES;
				CLANG_WARN_CONSTANT_CONVERSION = YES;
				CLANG_WARN_DEPRECATED_OBJC_IMPLEMENTATIONS = YES;
				CLANG_WARN_DIRECT_OBJC_ISA_USAGE = YES_ERROR;
				CLANG_WARN_DOCUMENTATION_COMMENTS = YES;
				CLANG_WARN_EMPTY_BODY = YES;
				CLANG_WARN_ENUM_CONVERSION = YES;
				CLANG_WARN_INFINITE_RECURSION = YES;
				CLANG_WARN_INT_CONVERSION = YES;
				CLANG_WARN_NON_LITERAL_NULL_CONVERSION = YES;
				CLANG_WARN_OBJC_IMPLICIT_RETAIN_SELF = YES;
				CLANG_WARN_OBJC_LITERAL_CONVERSION = YES;
				CLANG_WARN_OBJC_ROOT_CLASS = YES_ERROR;
				CLANG_WARN_QUOTED_INCLUDE_IN_FRAMEWORK_HEADER = YES;
				CLANG_WARN_RANGE_LOOP_ANALYSIS = YES;
				CLANG_WARN_STRICT_PROTOTYPES = YES;
				CLANG_WARN_SUSPICIOUS_MOVE = YES;
				CLANG_WARN_UNGUARDED_AVAILABILITY = YES_AGGRESSIVE;
				CLANG_WARN_UNREACHABLE_CODE = YES;
				CLANG_WARN__DUPLICATE_METHOD_MATCH = YES;
				COPY_PHASE_STRIP = NO;
				DEBUG_INFORMATION_FORMAT = "dwarf-with-dsym";
				ENABLE_NS_ASSERTIONS = NO;
				ENABLE_STRICT_OBJC_MSGSEND = YES;
				GCC_C_LANGUAGE_STANDARD = gnu11;
				GCC_NO_COMMON_BLOCKS = YES;
				GCC_WARN_64_TO_32_BIT_CONVERSION = YES;
				GCC_WARN_ABOUT_RETURN_TYPE = YES_ERROR;
				GCC_WARN_UNDECLARED_SELECTOR = YES;
				GCC_WARN_UNINITIALIZED_AUTOS = YES_AGGRESSIVE;
				GCC_WARN_UNUSED_FUNCTION = YES;
				GCC_WARN_UNUSED_VARIABLE = YES;
				IPHONEOS_DEPLOYMENT_TARGET = 16.4;
				MTL_ENABLE_DEBUG_INFO = NO;
				MTL_FAST_MATH = YES;
				SDKROOT = iphoneos;
				SWIFT_COMPILATION_MODE = wholemodule;
				SWIFT_OPTIMIZATION_LEVEL = "-O";
				VALIDATE_PRODUCT = YES;
			};
			name = Release;
		};
		AC779D062FC8701D002DCEB4 /* Debug */ = {
			isa = XCBuildConfiguration;
			buildSettings = {
				ASSETCATALOG_COMPILER_APPICON_NAME = AppIcon;
				ASSETCATALOG_COMPILER_GLOBAL_ACCENT_COLOR_NAME = AccentColor;
				CODE_SIGN_STYLE = Automatic;
				CURRENT_PROJECT_VERSION = 1;
				GENERATE_INFOPLIST_FILE = YES;
				INFOPLIST_FILE = GS_AGE_MatheusFelipeJulianna/Info.plist;
				INFOPLIST_KEY_UIApplicationSupportsIndirectInputEvents = YES;
				INFOPLIST_KEY_UILaunchStoryboardName = LaunchScreen;
				INFOPLIST_KEY_UIMainStoryboardFile = Main;
				INFOPLIST_KEY_UISupportedInterfaceOrientations_iPad = "UIInterfaceOrientationPortrait UIInterfaceOrientationPortraitUpsideDown UIInterfaceOrientationLandscapeLeft UIInterfaceOrientationLandscapeRight";
				INFOPLIST_KEY_UISupportedInterfaceOrientations_iPhone = "UIInterfaceOrientationPortrait UIInterfaceOrientationLandscapeLeft UIInterfaceOrientationLandscapeRight";
				LD_RUNPATH_SEARCH_PATHS = (
					"$(inherited)",
					"@executable_path/Frameworks",
				);
				MARKETING_VERSION = 1.0;
				PRODUCT_BUNDLE_IDENTIFIER = "br.com.fiap.GS-AGE-MatheusFelipeJulianna";
				PRODUCT_NAME = "$(TARGET_NAME)";
				SWIFT_EMIT_LOC_STRINGS = YES;
				SWIFT_VERSION = 5.0;
				TARGETED_DEVICE_FAMILY = "1,2";
			};
			name = Debug;
		};
		AC779D072FC8701D002DCEB4 /* Release */ = {
			isa = XCBuildConfiguration;
			buildSettings = {
				ASSETCATALOG_COMPILER_APPICON_NAME = AppIcon;
				ASSETCATALOG_COMPILER_GLOBAL_ACCENT_COLOR_NAME = AccentColor;
				CODE_SIGN_STYLE = Automatic;
				CURRENT_PROJECT_VERSION = 1;
				GENERATE_INFOPLIST_FILE = YES;
				INFOPLIST_FILE = GS_AGE_MatheusFelipeJulianna/Info.plist;
				INFOPLIST_KEY_UIApplicationSupportsIndirectInputEvents = YES;
				INFOPLIST_KEY_UILaunchStoryboardName = LaunchScreen;
				INFOPLIST_KEY_UIMainStoryboardFile = Main;
				INFOPLIST_KEY_UISupportedInterfaceOrientations_iPad = "UIInterfaceOrientationPortrait UIInterfaceOrientationPortraitUpsideDown UIInterfaceOrientationLandscapeLeft UIInterfaceOrientationLandscapeRight";
				INFOPLIST_KEY_UISupportedInterfaceOrientations_iPhone = "UIInterfaceOrientationPortrait UIInterfaceOrientationLandscapeLeft UIInterfaceOrientationLandscapeRight";
				LD_RUNPATH_SEARCH_PATHS = (
					"$(inherited)",
					"@executable_path/Frameworks",
				);
				MARKETING_VERSION = 1.0;
				PRODUCT_BUNDLE_IDENTIFIER = "br.com.fiap.GS-AGE-MatheusFelipeJulianna";
				PRODUCT_NAME = "$(TARGET_NAME)";
				SWIFT_EMIT_LOC_STRINGS = YES;
				SWIFT_VERSION = 5.0;
				TARGETED_DEVICE_FAMILY = "1,2";
			};
			name = Release;
		};
/* End XCBuildConfiguration section */

/* Begin XCConfigurationList section */
		AC779CEC2FC8701A002DCEB4 /* Build configuration list for PBXProject "GS_AGE_MatheusFelipeJulianna" */ = {
			isa = XCConfigurationList;
			buildConfigurations = (
				AC779D032FC8701D002DCEB4 /* Debug */,
				AC779D042FC8701D002DCEB4 /* Release */,
			);
			defaultConfigurationIsVisible = 0;
			defaultConfigurationName = Release;
		};
		AC779D052FC8701D002DCEB4 /* Build configuration list for PBXNativeTarget "GS_AGE_MatheusFelipeJulianna" */ = {
			isa = XCConfigurationList;
			buildConfigurations = (
				AC779D062FC8701D002DCEB4 /* Debug */,
				AC779D072FC8701D002DCEB4 /* Release */,
			);
			defaultConfigurationIsVisible = 0;
			defaultConfigurationName = Release;
		};
/* End XCConfigurationList section */
	};
	rootObject = AC779CE92FC8701A002DCEB4 /* Project object */;
}
